
Microsoft Visual Studio Solution File, Format Version 12.00
# Visual Studio Version 17
VisualStudioVersion = 17.7.34024.191
MinimumVisualStudioVersion = 10.0.40219.1
Project("{FAE04EC0-301F-11D3-BF4B-00C04F79EFBC}") = "CodingProblem10", "CodingProblem10.csproj", "{1A8ACE41-9481-4033-97C0-F2267B1BEDF6}"
EndProject
Global
	GlobalSection(SolutionConfigurationPlatforms) = preSolution
		Debug|Any CPU = Debug|Any CPU
		Release|Any CPU = Release|Any CPU
	EndGlobalSection
	GlobalSection(ProjectConfigurationPlatforms) = postSolution
		{1A8ACE41-9481-4033-97C0-F2267B1BEDF6}.Debug|Any CPU.ActiveCfg = Debug|Any CPU
		{1A8ACE41-9481-4033-97C0-F2267B1BEDF6}.Debug|Any CPU.Build.0 = Debug|Any CPU
		{1A8ACE41-9481-4033-97C0-F2267B1BEDF6}.Release|Any CPU.ActiveCfg = Release|Any CPU
		{1A8ACE41-9481-4033-97C0-F2267B1BEDF6}.Release|Any CPU.Build.0 = Release|Any CPU
	EndGlobalSection
	GlobalSection(SolutionProperties) = preSolution
		HideSolutionNode = FALSE
	EndGlobalSection
	GlobalSection(ExtensibilityGlobals) = postSolution
		SolutionGuid = {83B5D79E-EAFD-40AA-A169-4E5DAB2212C1}
	EndGlobalSection
EndGlobal
