
Microsoft Visual Studio Solution File, Format Version 12.00
# Visual Studio Version 17
VisualStudioVersion = 17.7.34024.191
MinimumVisualStudioVersion = 10.0.40219.1
Project("{FAE04EC0-301F-11D3-BF4B-00C04F79EFBC}") = "CodingProblem25", "CodingProblem25.csproj", "{1CA319D8-52A0-4FFF-8FA8-4FAFF12C5A90}"
EndProject
Global
	GlobalSection(SolutionConfigurationPlatforms) = preSolution
		Debug|Any CPU = Debug|Any CPU
		Release|Any CPU = Release|Any CPU
	EndGlobalSection
	GlobalSection(ProjectConfigurationPlatforms) = postSolution
		{1CA319D8-52A0-4FFF-8FA8-4FAFF12C5A90}.Debug|Any CPU.ActiveCfg = Debug|Any CPU
		{1CA319D8-52A0-4FFF-8FA8-4FAFF12C5A90}.Debug|Any CPU.Build.0 = Debug|Any CPU
		{1CA319D8-52A0-4FFF-8FA8-4FAFF12C5A90}.Release|Any CPU.ActiveCfg = Release|Any CPU
		{1CA319D8-52A0-4FFF-8FA8-4FAFF12C5A90}.Release|Any CPU.Build.0 = Release|Any CPU
	EndGlobalSection
	GlobalSection(SolutionProperties) = preSolution
		HideSolutionNode = FALSE
	EndGlobalSection
	GlobalSection(ExtensibilityGlobals) = postSolution
		SolutionGuid = {5E8DB8EC-8EFE-4330-BC8F-CD1BD903FD85}
	EndGlobalSection
EndGlobal
