
Microsoft Visual Studio Solution File, Format Version 12.00
# Visual Studio Version 17
VisualStudioVersion = 17.7.34024.191
MinimumVisualStudioVersion = 10.0.40219.1
Project("{FAE04EC0-301F-11D3-BF4B-00C04F79EFBC}") = "CodingProblem9", "CodingProblem9.csproj", "{FDA769DE-923D-416C-AB8A-3595A7A78CEA}"
EndProject
Global
	GlobalSection(SolutionConfigurationPlatforms) = preSolution
		Debug|Any CPU = Debug|Any CPU
		Release|Any CPU = Release|Any CPU
	EndGlobalSection
	GlobalSection(ProjectConfigurationPlatforms) = postSolution
		{FDA769DE-923D-416C-AB8A-3595A7A78CEA}.Debug|Any CPU.ActiveCfg = Debug|Any CPU
		{FDA769DE-923D-416C-AB8A-3595A7A78CEA}.Debug|Any CPU.Build.0 = Debug|Any CPU
		{FDA769DE-923D-416C-AB8A-3595A7A78CEA}.Release|Any CPU.ActiveCfg = Release|Any CPU
		{FDA769DE-923D-416C-AB8A-3595A7A78CEA}.Release|Any CPU.Build.0 = Release|Any CPU
	EndGlobalSection
	GlobalSection(SolutionProperties) = preSolution
		HideSolutionNode = FALSE
	EndGlobalSection
	GlobalSection(ExtensibilityGlobals) = postSolution
		SolutionGuid = {56C4A366-9DB5-4A18-977B-22E19FE1A66B}
	EndGlobalSection
EndGlobal
