
Microsoft Visual Studio Solution File, Format Version 12.00
# Visual Studio Version 17
VisualStudioVersion = 17.10.35122.118
MinimumVisualStudioVersion = 10.0.40219.1
Project("{FAE04EC0-301F-11D3-BF4B-00C04F79EFBC}") = "CodingProblem66", "CodingProblem66.csproj", "{5F54EC1E-4DBC-4053-9CA5-9150B0DE965F}"
EndProject
Global
	GlobalSection(SolutionConfigurationPlatforms) = preSolution
		Debug|Any CPU = Debug|Any CPU
		Release|Any CPU = Release|Any CPU
	EndGlobalSection
	GlobalSection(ProjectConfigurationPlatforms) = postSolution
		{5F54EC1E-4DBC-4053-9CA5-9150B0DE965F}.Debug|Any CPU.ActiveCfg = Debug|Any CPU
		{5F54EC1E-4DBC-4053-9CA5-9150B0DE965F}.Debug|Any CPU.Build.0 = Debug|Any CPU
		{5F54EC1E-4DBC-4053-9CA5-9150B0DE965F}.Release|Any CPU.ActiveCfg = Release|Any CPU
		{5F54EC1E-4DBC-4053-9CA5-9150B0DE965F}.Release|Any CPU.Build.0 = Release|Any CPU
	EndGlobalSection
	GlobalSection(SolutionProperties) = preSolution
		HideSolutionNode = FALSE
	EndGlobalSection
	GlobalSection(ExtensibilityGlobals) = postSolution
		SolutionGuid = {4ADC153C-D3F9-43C2-8E0C-2395AA51C5CC}
	EndGlobalSection
EndGlobal
