
Microsoft Visual Studio Solution File, Format Version 12.00
# Visual Studio Version 17
VisualStudioVersion = 17.7.34024.191
MinimumVisualStudioVersion = 10.0.40219.1
Project("{FAE04EC0-301F-11D3-BF4B-00C04F79EFBC}") = "CodingProblem33", "CodingProblem33.csproj", "{1682BD3A-8B60-4128-9296-2C9E058B3E2E}"
EndProject
Global
	GlobalSection(SolutionConfigurationPlatforms) = preSolution
		Debug|Any CPU = Debug|Any CPU
		Release|Any CPU = Release|Any CPU
	EndGlobalSection
	GlobalSection(ProjectConfigurationPlatforms) = postSolution
		{1682BD3A-8B60-4128-9296-2C9E058B3E2E}.Debug|Any CPU.ActiveCfg = Debug|Any CPU
		{1682BD3A-8B60-4128-9296-2C9E058B3E2E}.Debug|Any CPU.Build.0 = Debug|Any CPU
		{1682BD3A-8B60-4128-9296-2C9E058B3E2E}.Release|Any CPU.ActiveCfg = Release|Any CPU
		{1682BD3A-8B60-4128-9296-2C9E058B3E2E}.Release|Any CPU.Build.0 = Release|Any CPU
	EndGlobalSection
	GlobalSection(SolutionProperties) = preSolution
		HideSolutionNode = FALSE
	EndGlobalSection
	GlobalSection(ExtensibilityGlobals) = postSolution
		SolutionGuid = {E243C424-703A-4E76-9359-65ADB19F32F2}
	EndGlobalSection
EndGlobal
