
Microsoft Visual Studio Solution File, Format Version 12.00
# Visual Studio Version 17
VisualStudioVersion = 17.7.34024.191
MinimumVisualStudioVersion = 10.0.40219.1
Project("{FAE04EC0-301F-11D3-BF4B-00C04F79EFBC}") = "CodingProblem63", "CodingProblem63.csproj", "{EC884145-56A4-41D3-9043-F82FB22393ED}"
EndProject
Global
	GlobalSection(SolutionConfigurationPlatforms) = preSolution
		Debug|Any CPU = Debug|Any CPU
		Release|Any CPU = Release|Any CPU
	EndGlobalSection
	GlobalSection(ProjectConfigurationPlatforms) = postSolution
		{EC884145-56A4-41D3-9043-F82FB22393ED}.Debug|Any CPU.ActiveCfg = Debug|Any CPU
		{EC884145-56A4-41D3-9043-F82FB22393ED}.Debug|Any CPU.Build.0 = Debug|Any CPU
		{EC884145-56A4-41D3-9043-F82FB22393ED}.Release|Any CPU.ActiveCfg = Release|Any CPU
		{EC884145-56A4-41D3-9043-F82FB22393ED}.Release|Any CPU.Build.0 = Release|Any CPU
	EndGlobalSection
	GlobalSection(SolutionProperties) = preSolution
		HideSolutionNode = FALSE
	EndGlobalSection
	GlobalSection(ExtensibilityGlobals) = postSolution
		SolutionGuid = {0F894110-F40C-4769-AF5B-6D3FE56187F3}
	EndGlobalSection
EndGlobal
