
Microsoft Visual Studio Solution File, Format Version 12.00
# Visual Studio Version 17
VisualStudioVersion = 17.7.34024.191
MinimumVisualStudioVersion = 10.0.40219.1
Project("{FAE04EC0-301F-11D3-BF4B-00C04F79EFBC}") = "CodingProblem60", "CodingProblem60.csproj", "{533E34AD-B09F-4F38-B8DF-BCBDBF13F9D5}"
EndProject
Global
	GlobalSection(SolutionConfigurationPlatforms) = preSolution
		Debug|Any CPU = Debug|Any CPU
		Release|Any CPU = Release|Any CPU
	EndGlobalSection
	GlobalSection(ProjectConfigurationPlatforms) = postSolution
		{533E34AD-B09F-4F38-B8DF-BCBDBF13F9D5}.Debug|Any CPU.ActiveCfg = Debug|Any CPU
		{533E34AD-B09F-4F38-B8DF-BCBDBF13F9D5}.Debug|Any CPU.Build.0 = Debug|Any CPU
		{533E34AD-B09F-4F38-B8DF-BCBDBF13F9D5}.Release|Any CPU.ActiveCfg = Release|Any CPU
		{533E34AD-B09F-4F38-B8DF-BCBDBF13F9D5}.Release|Any CPU.Build.0 = Release|Any CPU
	EndGlobalSection
	GlobalSection(SolutionProperties) = preSolution
		HideSolutionNode = FALSE
	EndGlobalSection
	GlobalSection(ExtensibilityGlobals) = postSolution
		SolutionGuid = {6F0AFED4-4E1A-417B-8A18-24BAEC735379}
	EndGlobalSection
EndGlobal
