
Microsoft Visual Studio Solution File, Format Version 12.00
# Visual Studio Version 17
VisualStudioVersion = 17.7.34024.191
MinimumVisualStudioVersion = 10.0.40219.1
Project("{FAE04EC0-301F-11D3-BF4B-00C04F79EFBC}") = "CodingProblem47", "CodingProblem47.csproj", "{DF7AD9A7-F060-4283-A646-154A2DAE2B9B}"
EndProject
Global
	GlobalSection(SolutionConfigurationPlatforms) = preSolution
		Debug|Any CPU = Debug|Any CPU
		Release|Any CPU = Release|Any CPU
	EndGlobalSection
	GlobalSection(ProjectConfigurationPlatforms) = postSolution
		{DF7AD9A7-F060-4283-A646-154A2DAE2B9B}.Debug|Any CPU.ActiveCfg = Debug|Any CPU
		{DF7AD9A7-F060-4283-A646-154A2DAE2B9B}.Debug|Any CPU.Build.0 = Debug|Any CPU
		{DF7AD9A7-F060-4283-A646-154A2DAE2B9B}.Release|Any CPU.ActiveCfg = Release|Any CPU
		{DF7AD9A7-F060-4283-A646-154A2DAE2B9B}.Release|Any CPU.Build.0 = Release|Any CPU
	EndGlobalSection
	GlobalSection(SolutionProperties) = preSolution
		HideSolutionNode = FALSE
	EndGlobalSection
	GlobalSection(ExtensibilityGlobals) = postSolution
		SolutionGuid = {0C31F8A3-86AE-4DE2-89FE-625BDF97EF96}
	EndGlobalSection
EndGlobal
