
Microsoft Visual Studio Solution File, Format Version 12.00
# Visual Studio Version 17
VisualStudioVersion = 17.7.34024.191
MinimumVisualStudioVersion = 10.0.40219.1
Project("{FAE04EC0-301F-11D3-BF4B-00C04F79EFBC}") = "CodingProblem12", "CodingProblem12.csproj", "{31FA2EC4-6279-4663-93C1-00DA2AE4463E}"
EndProject
Global
	GlobalSection(SolutionConfigurationPlatforms) = preSolution
		Debug|Any CPU = Debug|Any CPU
		Release|Any CPU = Release|Any CPU
	EndGlobalSection
	GlobalSection(ProjectConfigurationPlatforms) = postSolution
		{31FA2EC4-6279-4663-93C1-00DA2AE4463E}.Debug|Any CPU.ActiveCfg = Debug|Any CPU
		{31FA2EC4-6279-4663-93C1-00DA2AE4463E}.Debug|Any CPU.Build.0 = Debug|Any CPU
		{31FA2EC4-6279-4663-93C1-00DA2AE4463E}.Release|Any CPU.ActiveCfg = Release|Any CPU
		{31FA2EC4-6279-4663-93C1-00DA2AE4463E}.Release|Any CPU.Build.0 = Release|Any CPU
	EndGlobalSection
	GlobalSection(SolutionProperties) = preSolution
		HideSolutionNode = FALSE
	EndGlobalSection
	GlobalSection(ExtensibilityGlobals) = postSolution
		SolutionGuid = {063CD16B-E196-4AAB-821D-2FEEA14D7FC9}
	EndGlobalSection
EndGlobal
