
Microsoft Visual Studio Solution File, Format Version 12.00
# Visual Studio Version 17
VisualStudioVersion = 17.7.34024.191
MinimumVisualStudioVersion = 10.0.40219.1
Project("{FAE04EC0-301F-11D3-BF4B-00C04F79EFBC}") = "CodingProblem37", "CodingProblem37.csproj", "{10E40E3A-F3B3-43F6-B3B0-67FA193CC7ED}"
EndProject
Global
	GlobalSection(SolutionConfigurationPlatforms) = preSolution
		Debug|Any CPU = Debug|Any CPU
		Release|Any CPU = Release|Any CPU
	EndGlobalSection
	GlobalSection(ProjectConfigurationPlatforms) = postSolution
		{10E40E3A-F3B3-43F6-B3B0-67FA193CC7ED}.Debug|Any CPU.ActiveCfg = Debug|Any CPU
		{10E40E3A-F3B3-43F6-B3B0-67FA193CC7ED}.Debug|Any CPU.Build.0 = Debug|Any CPU
		{10E40E3A-F3B3-43F6-B3B0-67FA193CC7ED}.Release|Any CPU.ActiveCfg = Release|Any CPU
		{10E40E3A-F3B3-43F6-B3B0-67FA193CC7ED}.Release|Any CPU.Build.0 = Release|Any CPU
	EndGlobalSection
	GlobalSection(SolutionProperties) = preSolution
		HideSolutionNode = FALSE
	EndGlobalSection
	GlobalSection(ExtensibilityGlobals) = postSolution
		SolutionGuid = {6D52CE9E-E619-4E83-A30E-F5034B90EFB5}
	EndGlobalSection
EndGlobal
