
Microsoft Visual Studio Solution File, Format Version 12.00
# Visual Studio Version 17
VisualStudioVersion = 17.7.34024.191
MinimumVisualStudioVersion = 10.0.40219.1
Project("{FAE04EC0-301F-11D3-BF4B-00C04F79EFBC}") = "CodingProblem29", "CodingProblem29.csproj", "{34BB2AD2-C661-4A60-AC7E-A95690D4526B}"
EndProject
Global
	GlobalSection(SolutionConfigurationPlatforms) = preSolution
		Debug|Any CPU = Debug|Any CPU
		Release|Any CPU = Release|Any CPU
	EndGlobalSection
	GlobalSection(ProjectConfigurationPlatforms) = postSolution
		{34BB2AD2-C661-4A60-AC7E-A95690D4526B}.Debug|Any CPU.ActiveCfg = Debug|Any CPU
		{34BB2AD2-C661-4A60-AC7E-A95690D4526B}.Debug|Any CPU.Build.0 = Debug|Any CPU
		{34BB2AD2-C661-4A60-AC7E-A95690D4526B}.Release|Any CPU.ActiveCfg = Release|Any CPU
		{34BB2AD2-C661-4A60-AC7E-A95690D4526B}.Release|Any CPU.Build.0 = Release|Any CPU
	EndGlobalSection
	GlobalSection(SolutionProperties) = preSolution
		HideSolutionNode = FALSE
	EndGlobalSection
	GlobalSection(ExtensibilityGlobals) = postSolution
		SolutionGuid = {E47BD3B6-34B8-4557-96DC-A6AEB8D447DC}
	EndGlobalSection
EndGlobal
