
Microsoft Visual Studio Solution File, Format Version 12.00
# Visual Studio Version 17
VisualStudioVersion = 17.7.34024.191
MinimumVisualStudioVersion = 10.0.40219.1
Project("{FAE04EC0-301F-11D3-BF4B-00C04F79EFBC}") = "CodingProblem61", "CodingProblem61.csproj", "{877D16E1-9FAA-48E2-9688-2D5AF057DE04}"
EndProject
Global
	GlobalSection(SolutionConfigurationPlatforms) = preSolution
		Debug|Any CPU = Debug|Any CPU
		Release|Any CPU = Release|Any CPU
	EndGlobalSection
	GlobalSection(ProjectConfigurationPlatforms) = postSolution
		{877D16E1-9FAA-48E2-9688-2D5AF057DE04}.Debug|Any CPU.ActiveCfg = Debug|Any CPU
		{877D16E1-9FAA-48E2-9688-2D5AF057DE04}.Debug|Any CPU.Build.0 = Debug|Any CPU
		{877D16E1-9FAA-48E2-9688-2D5AF057DE04}.Release|Any CPU.ActiveCfg = Release|Any CPU
		{877D16E1-9FAA-48E2-9688-2D5AF057DE04}.Release|Any CPU.Build.0 = Release|Any CPU
	EndGlobalSection
	GlobalSection(SolutionProperties) = preSolution
		HideSolutionNode = FALSE
	EndGlobalSection
	GlobalSection(ExtensibilityGlobals) = postSolution
		SolutionGuid = {CC2FC52E-AEFA-4018-ABA4-842078EA02DC}
	EndGlobalSection
EndGlobal
