
Microsoft Visual Studio Solution File, Format Version 12.00
# Visual Studio Version 17
VisualStudioVersion = 17.7.34024.191
MinimumVisualStudioVersion = 10.0.40219.1
Project("{FAE04EC0-301F-11D3-BF4B-00C04F79EFBC}") = "CodingProblem36", "CodingProblem36.csproj", "{500466E4-19A0-4641-851F-1B040C51EF3E}"
EndProject
Global
	GlobalSection(SolutionConfigurationPlatforms) = preSolution
		Debug|Any CPU = Debug|Any CPU
		Release|Any CPU = Release|Any CPU
	EndGlobalSection
	GlobalSection(ProjectConfigurationPlatforms) = postSolution
		{500466E4-19A0-4641-851F-1B040C51EF3E}.Debug|Any CPU.ActiveCfg = Debug|Any CPU
		{500466E4-19A0-4641-851F-1B040C51EF3E}.Debug|Any CPU.Build.0 = Debug|Any CPU
		{500466E4-19A0-4641-851F-1B040C51EF3E}.Release|Any CPU.ActiveCfg = Release|Any CPU
		{500466E4-19A0-4641-851F-1B040C51EF3E}.Release|Any CPU.Build.0 = Release|Any CPU
	EndGlobalSection
	GlobalSection(SolutionProperties) = preSolution
		HideSolutionNode = FALSE
	EndGlobalSection
	GlobalSection(ExtensibilityGlobals) = postSolution
		SolutionGuid = {C4D76602-8C17-4011-86AA-A1BC55C193FE}
	EndGlobalSection
EndGlobal
